
Microsoft Visual Studio Solution File, Format Version 12.00
# Visual Studio Version 16
VisualStudioVersion = 16.0.30413.136
MinimumVisualStudioVersion = 10.0.40219.1
Project("{FAE04EC0-301F-11D3-BF4B-00C04F79EFBC}") = "ASM_XML", "ASM_XML\ASM_XML.csproj", "{182938A4-154A-402A-86F8-56DAA6C00FEE}"
EndProject
Global
	GlobalSection(SolutionConfigurationPlatforms) = preSolution
		Debug|Any CPU = Debug|Any CPU
		Debug|x64 = Debug|x64
		Debug|x86 = Debug|x86
		Release|Any CPU = Release|Any CPU
		Release|x64 = Release|x64
		Release|x86 = Release|x86
	EndGlobalSection
	GlobalSection(ProjectConfigurationPlatforms) = postSolution
		{182938A4-154A-402A-86F8-56DAA6C00FEE}.Debug|Any CPU.ActiveCfg = Debug|Any CPU
		{182938A4-154A-402A-86F8-56DAA6C00FEE}.Debug|Any CPU.Build.0 = Debug|Any CPU
		{182938A4-154A-402A-86F8-56DAA6C00FEE}.Debug|x64.ActiveCfg = Debug|x64
		{182938A4-154A-402A-86F8-56DAA6C00FEE}.Debug|x64.Build.0 = Debug|x64
		{182938A4-154A-402A-86F8-56DAA6C00FEE}.Debug|x86.ActiveCfg = Debug|x86
		{182938A4-154A-402A-86F8-56DAA6C00FEE}.Debug|x86.Build.0 = Debug|x86
		{182938A4-154A-402A-86F8-56DAA6C00FEE}.Release|Any CPU.ActiveCfg = Release|Any CPU
		{182938A4-154A-402A-86F8-56DAA6C00FEE}.Release|Any CPU.Build.0 = Release|Any CPU
		{182938A4-154A-402A-86F8-56DAA6C00FEE}.Release|x64.ActiveCfg = Release|x64
		{182938A4-154A-402A-86F8-56DAA6C00FEE}.Release|x64.Build.0 = Release|x64
		{182938A4-154A-402A-86F8-56DAA6C00FEE}.Release|x86.ActiveCfg = Release|x86
	EndGlobalSection
	GlobalSection(SolutionProperties) = preSolution
		HideSolutionNode = FALSE
	EndGlobalSection
	GlobalSection(ExtensibilityGlobals) = postSolution
		SolutionGuid = {01A5C50E-2A27-4258-87DF-F56739516759}
	EndGlobalSection
EndGlobal
